
Microsoft Visual Studio Solution File, Format Version 12.00
# Visual Studio 15
VisualStudioVersion = 15.0.28307.106
MinimumVisualStudioVersion = 10.0.40219.1
Project("{9A19103F-16F7-4668-BE54-9A1E7A4F7556}") = "DefineAnInterfaceIPerson", "DefineAnInterfaceIPerson\DefineAnInterfaceIPerson.csproj", "{68AD0BCF-5A64-4347-9A07-2F9BE14E38CA}"
EndProject
Project("{9A19103F-16F7-4668-BE54-9A1E7A4F7556}") = "MultipleImplementation", "MultipleImplementation\MultipleImplementation.csproj", "{B2BB3471-1CD4-4C9E-B9EB-44EFC1719A05}"
EndProject
Project("{9A19103F-16F7-4668-BE54-9A1E7A4F7556}") = "Ferrari", "Ferrari\Ferrari.csproj", "{EE595460-6140-4CB6-AC10-3E75C54BA050}"
EndProject
Project("{9A19103F-16F7-4668-BE54-9A1E7A4F7556}") = "Telephony", "Telephony\Telephony.csproj", "{F0DB0B72-C005-4684-A1A1-224D41569AC1}"
EndProject
Project("{FAE04EC0-301F-11D3-BF4B-00C04F79EFBC}") = "BorderControl", "BorderControl\BorderControl.csproj", "{45FBAED7-D919-4CFC-ABC6-F6DC67972CD0}"
EndProject
Project("{FAE04EC0-301F-11D3-BF4B-00C04F79EFBC}") = "BirthdayCelebrations", "BirthdayCelebrations\BirthdayCelebrations.csproj", "{7BEEA26B-869D-49D7-9DB6-013F4BB6C585}"
EndProject
Project("{FAE04EC0-301F-11D3-BF4B-00C04F79EFBC}") = "FoodShortage", "FoodShortage\FoodShortage.csproj", "{AAA473B2-06A1-465A-83C4-CFE79082D88F}"
EndProject
Global
	GlobalSection(SolutionConfigurationPlatforms) = preSolution
		Debug|Any CPU = Debug|Any CPU
		Release|Any CPU = Release|Any CPU
	EndGlobalSection
	GlobalSection(ProjectConfigurationPlatforms) = postSolution
		{68AD0BCF-5A64-4347-9A07-2F9BE14E38CA}.Debug|Any CPU.ActiveCfg = Debug|Any CPU
		{68AD0BCF-5A64-4347-9A07-2F9BE14E38CA}.Debug|Any CPU.Build.0 = Debug|Any CPU
		{68AD0BCF-5A64-4347-9A07-2F9BE14E38CA}.Release|Any CPU.ActiveCfg = Release|Any CPU
		{68AD0BCF-5A64-4347-9A07-2F9BE14E38CA}.Release|Any CPU.Build.0 = Release|Any CPU
		{B2BB3471-1CD4-4C9E-B9EB-44EFC1719A05}.Debug|Any CPU.ActiveCfg = Debug|Any CPU
		{B2BB3471-1CD4-4C9E-B9EB-44EFC1719A05}.Debug|Any CPU.Build.0 = Debug|Any CPU
		{B2BB3471-1CD4-4C9E-B9EB-44EFC1719A05}.Release|Any CPU.ActiveCfg = Release|Any CPU
		{B2BB3471-1CD4-4C9E-B9EB-44EFC1719A05}.Release|Any CPU.Build.0 = Release|Any CPU
		{EE595460-6140-4CB6-AC10-3E75C54BA050}.Debug|Any CPU.ActiveCfg = Debug|Any CPU
		{EE595460-6140-4CB6-AC10-3E75C54BA050}.Debug|Any CPU.Build.0 = Debug|Any CPU
		{EE595460-6140-4CB6-AC10-3E75C54BA050}.Release|Any CPU.ActiveCfg = Release|Any CPU
		{EE595460-6140-4CB6-AC10-3E75C54BA050}.Release|Any CPU.Build.0 = Release|Any CPU
		{F0DB0B72-C005-4684-A1A1-224D41569AC1}.Debug|Any CPU.ActiveCfg = Debug|Any CPU
		{F0DB0B72-C005-4684-A1A1-224D41569AC1}.Debug|Any CPU.Build.0 = Debug|Any CPU
		{F0DB0B72-C005-4684-A1A1-224D41569AC1}.Release|Any CPU.ActiveCfg = Release|Any CPU
		{F0DB0B72-C005-4684-A1A1-224D41569AC1}.Release|Any CPU.Build.0 = Release|Any CPU
		{45FBAED7-D919-4CFC-ABC6-F6DC67972CD0}.Debug|Any CPU.ActiveCfg = Debug|Any CPU
		{45FBAED7-D919-4CFC-ABC6-F6DC67972CD0}.Debug|Any CPU.Build.0 = Debug|Any CPU
		{45FBAED7-D919-4CFC-ABC6-F6DC67972CD0}.Release|Any CPU.ActiveCfg = Release|Any CPU
		{45FBAED7-D919-4CFC-ABC6-F6DC67972CD0}.Release|Any CPU.Build.0 = Release|Any CPU
		{7BEEA26B-869D-49D7-9DB6-013F4BB6C585}.Debug|Any CPU.ActiveCfg = Debug|Any CPU
		{7BEEA26B-869D-49D7-9DB6-013F4BB6C585}.Debug|Any CPU.Build.0 = Debug|Any CPU
		{7BEEA26B-869D-49D7-9DB6-013F4BB6C585}.Release|Any CPU.ActiveCfg = Release|Any CPU
		{7BEEA26B-869D-49D7-9DB6-013F4BB6C585}.Release|Any CPU.Build.0 = Release|Any CPU
		{AAA473B2-06A1-465A-83C4-CFE79082D88F}.Debug|Any CPU.ActiveCfg = Debug|Any CPU
		{AAA473B2-06A1-465A-83C4-CFE79082D88F}.Debug|Any CPU.Build.0 = Debug|Any CPU
		{AAA473B2-06A1-465A-83C4-CFE79082D88F}.Release|Any CPU.ActiveCfg = Release|Any CPU
		{AAA473B2-06A1-465A-83C4-CFE79082D88F}.Release|Any CPU.Build.0 = Release|Any CPU
	EndGlobalSection
	GlobalSection(SolutionProperties) = preSolution
		HideSolutionNode = FALSE
	EndGlobalSection
	GlobalSection(ExtensibilityGlobals) = postSolution
		SolutionGuid = {832F15D5-1FEA-432B-8AD8-F682D2FE8F53}
	EndGlobalSection
EndGlobal
